
Microsoft Visual Studio Solution File, Format Version 12.00
# Visual Studio 2013
VisualStudioVersion = 12.0.30501.0
MinimumVisualStudioVersion = 10.0.40219.1
Project("{FAE04EC0-301F-11D3-BF4B-00C04F79EFBC}") = "NetworkSocket.Net45", "NetworkSocket\NetworkSocket.Net45.csproj", "{80D0FA44-523B-4E68-BDC2-B12901D5855B}"
EndProject
Project("{FAE04EC0-301F-11D3-BF4B-00C04F79EFBC}") = "TcpSocket", "TcpSocket\TcpSocket.csproj", "{638530F4-AB50-4AE9-985A-2BEF977B0F85}"
EndProject
Project("{FAE04EC0-301F-11D3-BF4B-00C04F79EFBC}") = "WebClient", "WebClient\WebClient.csproj", "{75AB6D50-ABA6-4BEB-909B-382A3795257A}"
EndProject
Project("{FAE04EC0-301F-11D3-BF4B-00C04F79EFBC}") = "SocketServer", "SocketServer\SocketServer.csproj", "{7B6D5089-05C0-42D4-9979-877581EB58E7}"
EndProject
Global
	GlobalSection(SolutionConfigurationPlatforms) = preSolution
		Debug|Any CPU = Debug|Any CPU
		Release|Any CPU = Release|Any CPU
	EndGlobalSection
	GlobalSection(ProjectConfigurationPlatforms) = postSolution
		{80D0FA44-523B-4E68-BDC2-B12901D5855B}.Debug|Any CPU.ActiveCfg = Debug|Any CPU
		{80D0FA44-523B-4E68-BDC2-B12901D5855B}.Debug|Any CPU.Build.0 = Debug|Any CPU
		{80D0FA44-523B-4E68-BDC2-B12901D5855B}.Release|Any CPU.ActiveCfg = Release|Any CPU
		{80D0FA44-523B-4E68-BDC2-B12901D5855B}.Release|Any CPU.Build.0 = Release|Any CPU
		{638530F4-AB50-4AE9-985A-2BEF977B0F85}.Debug|Any CPU.ActiveCfg = Debug|Any CPU
		{638530F4-AB50-4AE9-985A-2BEF977B0F85}.Debug|Any CPU.Build.0 = Debug|Any CPU
		{638530F4-AB50-4AE9-985A-2BEF977B0F85}.Release|Any CPU.ActiveCfg = Release|Any CPU
		{638530F4-AB50-4AE9-985A-2BEF977B0F85}.Release|Any CPU.Build.0 = Release|Any CPU
		{75AB6D50-ABA6-4BEB-909B-382A3795257A}.Debug|Any CPU.ActiveCfg = Debug|Any CPU
		{75AB6D50-ABA6-4BEB-909B-382A3795257A}.Debug|Any CPU.Build.0 = Debug|Any CPU
		{75AB6D50-ABA6-4BEB-909B-382A3795257A}.Release|Any CPU.ActiveCfg = Release|Any CPU
		{75AB6D50-ABA6-4BEB-909B-382A3795257A}.Release|Any CPU.Build.0 = Release|Any CPU
		{7B6D5089-05C0-42D4-9979-877581EB58E7}.Debug|Any CPU.ActiveCfg = Debug|Any CPU
		{7B6D5089-05C0-42D4-9979-877581EB58E7}.Debug|Any CPU.Build.0 = Debug|Any CPU
		{7B6D5089-05C0-42D4-9979-877581EB58E7}.Release|Any CPU.ActiveCfg = Release|Any CPU
		{7B6D5089-05C0-42D4-9979-877581EB58E7}.Release|Any CPU.Build.0 = Release|Any CPU
	EndGlobalSection
	GlobalSection(SolutionProperties) = preSolution
		HideSolutionNode = FALSE
	EndGlobalSection
EndGlobal
